// !$*UTF8*$!
{
	archiveVersion = 1;
	classes = {
	};
	objectVersion = 77;
	objects = {

/* Begin PBXBuildFile section */
		14558D072E9E8CE1007A67E2 /* SnapKit in Frameworks */ = {isa = PBXBuildFile; productRef = 14558D062E9E8CE1007A67E2 /* SnapKit */; };
		1461E6AB2EB5EC9900E47262 /* FirebaseAnalytics in Frameworks */ = {isa = PBXBuildFile; productRef = 1461E6AA2EB5EC9900E47262 /* FirebaseAnalytics */; };
		1461E6AD2EB5EC9900E47262 /* FirebaseCrashlytics in Frameworks */ = {isa = PBXBuildFile; productRef = 1461E6AC2EB5EC9900E47262 /* FirebaseCrashlytics */; };
		147EC1922EBF7DC000ECAB46 /* Kingfisher in Frameworks */ = {isa = PBXBuildFile; productRef = 147EC1912EBF7DC000ECAB46 /* Kingfisher */; };
		147F4C3E2EAE7DAC00F8DD7E /* AppInfo in Frameworks */ = {isa = PBXBuildFile; productRef = 147F4C3D2EAE7DAC00F8DD7E /* AppInfo */; };
		1481AAF92E9D543400E359C9 /* Box.appex in Embed Foundation Extensions */ = {isa = PBXBuildFile; fileRef = 1481AAEF2E9D543400E359C9 /* Box.appex */; settings = {ATTRIBUTES = (RemoveHeadersOnCopy, ); }; };
		1481AB062E9D547700E359C9 /* WidgetKit.framework in Frameworks */ = {isa = PBXBuildFile; fileRef = 1481AB052E9D547700E359C9 /* WidgetKit.framework */; };
		1481AB082E9D547700E359C9 /* SwiftUI.framework in Frameworks */ = {isa = PBXBuildFile; fileRef = 1481AB072E9D547700E359C9 /* SwiftUI.framework */; };
		1481AB172E9D547800E359C9 /* Board.appex in Embed Foundation Extensions */ = {isa = PBXBuildFile; fileRef = 1481AB032E9D547700E359C9 /* Board.appex */; settings = {ATTRIBUTES = (RemoveHeadersOnCopy, ); }; };
		14A187452EB20CC8008E6492 /* CropViewController in Frameworks */ = {isa = PBXBuildFile; productRef = 14A187442EB20CC8008E6492 /* CropViewController */; };
		14AA37282EA0907300685425 /* GRDB in Frameworks */ = {isa = PBXBuildFile; productRef = 14AA37272EA0907300685425 /* GRDB */; };
/* End PBXBuildFile section */

/* Begin PBXContainerItemProxy section */
		1481AAF72E9D543400E359C9 /* PBXContainerItemProxy */ = {
			isa = PBXContainerItemProxy;
			containerPortal = 1481AAAF2E9D4CFD00E359C9 /* Project object */;
			proxyType = 1;
			remoteGlobalIDString = 1481AAEE2E9D543400E359C9;
			remoteInfo = Box;
		};
		1481AB152E9D547800E359C9 /* PBXContainerItemProxy */ = {
			isa = PBXContainerItemProxy;
			containerPortal = 1481AAAF2E9D4CFD00E359C9 /* Project object */;
			proxyType = 1;
			remoteGlobalIDString = 1481AB022E9D547700E359C9;
			remoteInfo = Board;
		};
/* End PBXContainerItemProxy section */

/* Begin PBXCopyFilesBuildPhase section */
		1481AAFE2E9D543400E359C9 /* Embed Foundation Extensions */ = {
			isa = PBXCopyFilesBuildPhase;
			buildActionMask = 2147483647;
			dstPath = "";
			dstSubfolderSpec = 13;
			files = (
				1481AAF92E9D543400E359C9 /* Box.appex in Embed Foundation Extensions */,
				1481AB172E9D547800E359C9 /* Board.appex in Embed Foundation Extensions */,
			);
			name = "Embed Foundation Extensions";
			runOnlyForDeploymentPostprocessing = 0;
		};
/* End PBXCopyFilesBuildPhase section */

/* Begin PBXFileReference section */
		14558CE42E9DF9C1007A67E2 /* UniformTypeIdentifiers.framework */ = {isa = PBXFileReference; lastKnownFileType = wrapper.framework; name = UniformTypeIdentifiers.framework; path = System/Library/Frameworks/UniformTypeIdentifiers.framework; sourceTree = SDKROOT; };
		1481AAB72E9D4CFD00E359C9 /* Pin It.app */ = {isa = PBXFileReference; explicitFileType = wrapper.application; includeInIndex = 0; path = "Pin It.app"; sourceTree = BUILT_PRODUCTS_DIR; };
		1481AAEF2E9D543400E359C9 /* Box.appex */ = {isa = PBXFileReference; explicitFileType = "wrapper.app-extension"; includeInIndex = 0; path = Box.appex; sourceTree = BUILT_PRODUCTS_DIR; };
		1481AB032E9D547700E359C9 /* Board.appex */ = {isa = PBXFileReference; explicitFileType = "wrapper.app-extension"; includeInIndex = 0; path = Board.appex; sourceTree = BUILT_PRODUCTS_DIR; };
		1481AB052E9D547700E359C9 /* WidgetKit.framework */ = {isa = PBXFileReference; lastKnownFileType = wrapper.framework; name = WidgetKit.framework; path = System/Library/Frameworks/WidgetKit.framework; sourceTree = SDKROOT; };
		1481AB072E9D547700E359C9 /* SwiftUI.framework */ = {isa = PBXFileReference; lastKnownFileType = wrapper.framework; name = SwiftUI.framework; path = System/Library/Frameworks/SwiftUI.framework; sourceTree = SDKROOT; };
/* End PBXFileReference section */

/* Begin PBXFileSystemSynchronizedBuildFileExceptionSet section */
		14558D032E9E826B007A67E2 /* Exceptions for "Shared" folder in "Pin It" target */ = {
			isa = PBXFileSystemSynchronizedBuildFileExceptionSet;
			membershipExceptions = (
				Globals.swift,
				LiveActivity/BoardLiveActivity.swift,
				LiveActivity/ButtonIntent.swift,
				LiveActivity/LiveActivityManager.swift,
				LiveActivity/PinAttributes.swift,
				LiveActivity/PinInfoManager.swift,
				Localizable.xcstrings,
				SyncData/ImageCacheManager.swift,
				SyncData/SyncDataManager.swift,
			);
			target = 1481AAB62E9D4CFD00E359C9 /* Pin It */;
		};
		14558D042E9E826B007A67E2 /* Exceptions for "Shared" folder in "Board" target */ = {
			isa = PBXFileSystemSynchronizedBuildFileExceptionSet;
			membershipExceptions = (
				Globals.swift,
				LiveActivity/BoardLiveActivity.swift,
				LiveActivity/ButtonIntent.swift,
				LiveActivity/LiveActivityManager.swift,
				LiveActivity/PinAttributes.swift,
				LiveActivity/PinInfoManager.swift,
				Localizable.xcstrings,
				SyncData/ImageCacheManager.swift,
				SyncData/SyncDataManager.swift,
			);
			target = 1481AB022E9D547700E359C9 /* Board */;
		};
		147725372E9F5B6D001A3EBD /* Exceptions for "Shared" folder in "Box" target */ = {
			isa = PBXFileSystemSynchronizedBuildFileExceptionSet;
			membershipExceptions = (
				Globals.swift,
				Localizable.xcstrings,
			);
			target = 1481AAEE2E9D543400E359C9 /* Box */;
		};
		1481AAC92E9D4CFD00E359C9 /* Exceptions for "Pin It" folder in "Pin It" target */ = {
			isa = PBXFileSystemSynchronizedBuildFileExceptionSet;
			membershipExceptions = (
				Info.plist,
			);
			target = 1481AAB62E9D4CFD00E359C9 /* Pin It */;
		};
		1481AAFD2E9D543400E359C9 /* Exceptions for "Box" folder in "Box" target */ = {
			isa = PBXFileSystemSynchronizedBuildFileExceptionSet;
			membershipExceptions = (
				Info.plist,
			);
			target = 1481AAEE2E9D543400E359C9 /* Box */;
		};
		1481AB1B2E9D547800E359C9 /* Exceptions for "Board" folder in "Board" target */ = {
			isa = PBXFileSystemSynchronizedBuildFileExceptionSet;
			membershipExceptions = (
				Info.plist,
			);
			target = 1481AB022E9D547700E359C9 /* Board */;
		};
		1482A66E2EAFABA100E59CA9 /* Exceptions for "Pin It" folder in "Board" target */ = {
			isa = PBXFileSystemSynchronizedBuildFileExceptionSet;
			membershipExceptions = (
				AppIntents/StartIntent.swift,
				Extension/AppColor.swift,
				More/Store.swift,
				Resource/Assets.xcassets,
				Settings/Settings.swift,
			);
			target = 1481AB022E9D547700E359C9 /* Board */;
		};
/* End PBXFileSystemSynchronizedBuildFileExceptionSet section */

/* Begin PBXFileSystemSynchronizedRootGroup section */
		14558CFE2E9E8250007A67E2 /* Shared */ = {
			isa = PBXFileSystemSynchronizedRootGroup;
			exceptions = (
				14558D032E9E826B007A67E2 /* Exceptions for "Shared" folder in "Pin It" target */,
				147725372E9F5B6D001A3EBD /* Exceptions for "Shared" folder in "Box" target */,
				14558D042E9E826B007A67E2 /* Exceptions for "Shared" folder in "Board" target */,
			);
			path = Shared;
			sourceTree = "<group>";
		};
		1481AAB92E9D4CFD00E359C9 /* Pin It */ = {
			isa = PBXFileSystemSynchronizedRootGroup;
			exceptions = (
				1481AAC92E9D4CFD00E359C9 /* Exceptions for "Pin It" folder in "Pin It" target */,
				1482A66E2EAFABA100E59CA9 /* Exceptions for "Pin It" folder in "Board" target */,
			);
			path = "Pin It";
			sourceTree = "<group>";
		};
		1481AAF02E9D543400E359C9 /* Box */ = {
			isa = PBXFileSystemSynchronizedRootGroup;
			exceptions = (
				1481AAFD2E9D543400E359C9 /* Exceptions for "Box" folder in "Box" target */,
			);
			path = Box;
			sourceTree = "<group>";
		};
		1481AB092E9D547700E359C9 /* Board */ = {
			isa = PBXFileSystemSynchronizedRootGroup;
			exceptions = (
				1481AB1B2E9D547800E359C9 /* Exceptions for "Board" folder in "Board" target */,
			);
			path = Board;
			sourceTree = "<group>";
		};
/* End PBXFileSystemSynchronizedRootGroup section */

/* Begin PBXFrameworksBuildPhase section */
		1481AAB42E9D4CFD00E359C9 /* Frameworks */ = {
			isa = PBXFrameworksBuildPhase;
			buildActionMask = 2147483647;
			files = (
				147F4C3E2EAE7DAC00F8DD7E /* AppInfo in Frameworks */,
				14A187452EB20CC8008E6492 /* CropViewController in Frameworks */,
				147EC1922EBF7DC000ECAB46 /* Kingfisher in Frameworks */,
				14558D072E9E8CE1007A67E2 /* SnapKit in Frameworks */,
				1461E6AD2EB5EC9900E47262 /* FirebaseCrashlytics in Frameworks */,
				1461E6AB2EB5EC9900E47262 /* FirebaseAnalytics in Frameworks */,
				14AA37282EA0907300685425 /* GRDB in Frameworks */,
			);
			runOnlyForDeploymentPostprocessing = 0;
		};
		1481AAEC2E9D543400E359C9 /* Frameworks */ = {
			isa = PBXFrameworksBuildPhase;
			buildActionMask = 2147483647;
			files = (
			);
			runOnlyForDeploymentPostprocessing = 0;
		};
		1481AB002E9D547700E359C9 /* Frameworks */ = {
			isa = PBXFrameworksBuildPhase;
			buildActionMask = 2147483647;
			files = (
				1481AB082E9D547700E359C9 /* SwiftUI.framework in Frameworks */,
				1481AB062E9D547700E359C9 /* WidgetKit.framework in Frameworks */,
			);
			runOnlyForDeploymentPostprocessing = 0;
		};
/* End PBXFrameworksBuildPhase section */

/* Begin PBXGroup section */
		1481AAAE2E9D4CFD00E359C9 = {
			isa = PBXGroup;
			children = (
				14558CFE2E9E8250007A67E2 /* Shared */,
				1481AAB92E9D4CFD00E359C9 /* Pin It */,
				1481AAF02E9D543400E359C9 /* Box */,
				1481AB092E9D547700E359C9 /* Board */,
				1481AB042E9D547700E359C9 /* Frameworks */,
				1481AAB82E9D4CFD00E359C9 /* Products */,
			);
			sourceTree = "<group>";
		};
		1481AAB82E9D4CFD00E359C9 /* Products */ = {
			isa = PBXGroup;
			children = (
				1481AAB72E9D4CFD00E359C9 /* Pin It.app */,
				1481AAEF2E9D543400E359C9 /* Box.appex */,
				1481AB032E9D547700E359C9 /* Board.appex */,
			);
			name = Products;
			sourceTree = "<group>";
		};
		1481AB042E9D547700E359C9 /* Frameworks */ = {
			isa = PBXGroup;
			children = (
				1481AB052E9D547700E359C9 /* WidgetKit.framework */,
				1481AB072E9D547700E359C9 /* SwiftUI.framework */,
				14558CE42E9DF9C1007A67E2 /* UniformTypeIdentifiers.framework */,
			);
			name = Frameworks;
			sourceTree = "<group>";
		};
/* End PBXGroup section */

/* Begin PBXNativeTarget section */
		1481AAB62E9D4CFD00E359C9 /* Pin It */ = {
			isa = PBXNativeTarget;
			buildConfigurationList = 1481AACA2E9D4CFD00E359C9 /* Build configuration list for PBXNativeTarget "Pin It" */;
			buildPhases = (
				1481AAB32E9D4CFD00E359C9 /* Sources */,
				1481AAB42E9D4CFD00E359C9 /* Frameworks */,
				1481AAB52E9D4CFD00E359C9 /* Resources */,
				1481AAFE2E9D543400E359C9 /* Embed Foundation Extensions */,
			);
			buildRules = (
			);
			dependencies = (
				1481AAF82E9D543400E359C9 /* PBXTargetDependency */,
				1481AB162E9D547800E359C9 /* PBXTargetDependency */,
			);
			fileSystemSynchronizedGroups = (
				1481AAB92E9D4CFD00E359C9 /* Pin It */,
			);
			name = "Pin It";
			packageProductDependencies = (
				14558D062E9E8CE1007A67E2 /* SnapKit */,
				14AA37272EA0907300685425 /* GRDB */,
				147F4C3D2EAE7DAC00F8DD7E /* AppInfo */,
				14A187442EB20CC8008E6492 /* CropViewController */,
				1461E6AA2EB5EC9900E47262 /* FirebaseAnalytics */,
				1461E6AC2EB5EC9900E47262 /* FirebaseCrashlytics */,
				147EC1912EBF7DC000ECAB46 /* Kingfisher */,
			);
			productName = "Pin It";
			productReference = 1481AAB72E9D4CFD00E359C9 /* Pin It.app */;
			productType = "com.apple.product-type.application";
		};
		1481AAEE2E9D543400E359C9 /* Box */ = {
			isa = PBXNativeTarget;
			buildConfigurationList = 1481AAFA2E9D543400E359C9 /* Build configuration list for PBXNativeTarget "Box" */;
			buildPhases = (
				1481AAEB2E9D543400E359C9 /* Sources */,
				1481AAEC2E9D543400E359C9 /* Frameworks */,
				1481AAED2E9D543400E359C9 /* Resources */,
			);
			buildRules = (
			);
			dependencies = (
			);
			fileSystemSynchronizedGroups = (
				1481AAF02E9D543400E359C9 /* Box */,
			);
			name = Box;
			packageProductDependencies = (
			);
			productName = Box;
			productReference = 1481AAEF2E9D543400E359C9 /* Box.appex */;
			productType = "com.apple.product-type.app-extension";
		};
		1481AB022E9D547700E359C9 /* Board */ = {
			isa = PBXNativeTarget;
			buildConfigurationList = 1481AB182E9D547800E359C9 /* Build configuration list for PBXNativeTarget "Board" */;
			buildPhases = (
				1481AAFF2E9D547700E359C9 /* Sources */,
				1481AB002E9D547700E359C9 /* Frameworks */,
				1481AB012E9D547700E359C9 /* Resources */,
			);
			buildRules = (
			);
			dependencies = (
			);
			fileSystemSynchronizedGroups = (
				1481AB092E9D547700E359C9 /* Board */,
			);
			name = Board;
			packageProductDependencies = (
			);
			productName = Board;
			productReference = 1481AB032E9D547700E359C9 /* Board.appex */;
			productType = "com.apple.product-type.app-extension";
		};
/* End PBXNativeTarget section */

/* Begin PBXProject section */
		1481AAAF2E9D4CFD00E359C9 /* Project object */ = {
			isa = PBXProject;
			attributes = {
				BuildIndependentTargetsInParallel = 1;
				LastSwiftUpdateCheck = 2600;
				LastUpgradeCheck = 2600;
				TargetAttributes = {
					1481AAB62E9D4CFD00E359C9 = {
						CreatedOnToolsVersion = 26.0;
					};
					1481AAEE2E9D543400E359C9 = {
						CreatedOnToolsVersion = 26.0;
					};
					1481AB022E9D547700E359C9 = {
						CreatedOnToolsVersion = 26.0;
					};
				};
			};
			buildConfigurationList = 1481AAB22E9D4CFD00E359C9 /* Build configuration list for PBXProject "Pin It" */;
			developmentRegion = en;
			hasScannedForEncodings = 0;
			knownRegions = (
				en,
				Base,
				"zh-Hans",
				"zh-HK",
				"zh-Hant",
				ru,
				ja,
				es,
				"pt-PT",
				"pt-BR",
				de,
				fr,
				"es-419",
				uk,
				it,
				ko,
			);
			mainGroup = 1481AAAE2E9D4CFD00E359C9;
			minimizedProjectReferenceProxies = 1;
			packageReferences = (
				14558D052E9E8CE1007A67E2 /* XCRemoteSwiftPackageReference "SnapKit" */,
				1477252C2E9F4E8A001A3EBD /* XCRemoteSwiftPackageReference "TOCropViewController" */,
				14AA37262EA0907300685425 /* XCRemoteSwiftPackageReference "GRDB" */,
				147F4C3C2EAE7DAC00F8DD7E /* XCRemoteSwiftPackageReference "AppInfo" */,
				1461E6A92EB5EC9900E47262 /* XCRemoteSwiftPackageReference "firebase-ios-sdk" */,
				147EC1902EBF7DC000ECAB46 /* XCRemoteSwiftPackageReference "Kingfisher" */,
			);
			preferredProjectObjectVersion = 77;
			productRefGroup = 1481AAB82E9D4CFD00E359C9 /* Products */;
			projectDirPath = "";
			projectRoot = "";
			targets = (
				1481AAB62E9D4CFD00E359C9 /* Pin It */,
				1481AAEE2E9D543400E359C9 /* Box */,
				1481AB022E9D547700E359C9 /* Board */,
			);
		};
/* End PBXProject section */

/* Begin PBXResourcesBuildPhase section */
		1481AAB52E9D4CFD00E359C9 /* Resources */ = {
			isa = PBXResourcesBuildPhase;
			buildActionMask = 2147483647;
			files = (
			);
			runOnlyForDeploymentPostprocessing = 0;
		};
		1481AAED2E9D543400E359C9 /* Resources */ = {
			isa = PBXResourcesBuildPhase;
			buildActionMask = 2147483647;
			files = (
			);
			runOnlyForDeploymentPostprocessing = 0;
		};
		1481AB012E9D547700E359C9 /* Resources */ = {
			isa = PBXResourcesBuildPhase;
			buildActionMask = 2147483647;
			files = (
			);
			runOnlyForDeploymentPostprocessing = 0;
		};
/* End PBXResourcesBuildPhase section */

/* Begin PBXSourcesBuildPhase section */
		1481AAB32E9D4CFD00E359C9 /* Sources */ = {
			isa = PBXSourcesBuildPhase;
			buildActionMask = 2147483647;
			files = (
			);
			runOnlyForDeploymentPostprocessing = 0;
		};
		1481AAEB2E9D543400E359C9 /* Sources */ = {
			isa = PBXSourcesBuildPhase;
			buildActionMask = 2147483647;
			files = (
			);
			runOnlyForDeploymentPostprocessing = 0;
		};
		1481AAFF2E9D547700E359C9 /* Sources */ = {
			isa = PBXSourcesBuildPhase;
			buildActionMask = 2147483647;
			files = (
			);
			runOnlyForDeploymentPostprocessing = 0;
		};
/* End PBXSourcesBuildPhase section */

/* Begin PBXTargetDependency section */
		1481AAF82E9D543400E359C9 /* PBXTargetDependency */ = {
			isa = PBXTargetDependency;
			target = 1481AAEE2E9D543400E359C9 /* Box */;
			targetProxy = 1481AAF72E9D543400E359C9 /* PBXContainerItemProxy */;
		};
		1481AB162E9D547800E359C9 /* PBXTargetDependency */ = {
			isa = PBXTargetDependency;
			target = 1481AB022E9D547700E359C9 /* Board */;
			targetProxy = 1481AB152E9D547800E359C9 /* PBXContainerItemProxy */;
		};
/* End PBXTargetDependency section */

/* Begin XCBuildConfiguration section */
		1481AACB2E9D4CFD00E359C9 /* Debug */ = {
			isa = XCBuildConfiguration;
			buildSettings = {
				ALWAYS_EMBED_SWIFT_STANDARD_LIBRARIES = YES;
				ASSETCATALOG_COMPILER_APPICON_NAME = AppIcon;
				ASSETCATALOG_COMPILER_GLOBAL_ACCENT_COLOR_NAME = AccentColor;
				CODE_SIGN_ENTITLEMENTS = "Pin It/Pin It.entitlements";
				CODE_SIGN_STYLE = Automatic;
				CURRENT_PROJECT_VERSION = 1;
				DEVELOPMENT_TEAM = KKQQQNKMM6;
				GENERATE_INFOPLIST_FILE = YES;
				INFOPLIST_FILE = "Pin It/Info.plist";
				INFOPLIST_KEY_ITSAppUsesNonExemptEncryption = NO;
				INFOPLIST_KEY_LSApplicationCategoryType = "public.app-category.productivity";
				INFOPLIST_KEY_NSSupportsLiveActivities = YES;
				INFOPLIST_KEY_UIApplicationSupportsIndirectInputEvents = YES;
				INFOPLIST_KEY_UILaunchStoryboardName = LaunchScreen;
				INFOPLIST_KEY_UISupportedInterfaceOrientations = UIInterfaceOrientationPortrait;
				INFOPLIST_KEY_UISupportedInterfaceOrientations_iPad = "UIInterfaceOrientationLandscapeLeft UIInterfaceOrientationLandscapeRight UIInterfaceOrientationPortrait UIInterfaceOrientationPortraitUpsideDown";
				IPHONEOS_DEPLOYMENT_TARGET = 17.0;
				LD_RUNPATH_SEARCH_PATHS = (
					"$(inherited)",
					"@executable_path/Frameworks",
				);
				MARKETING_VERSION = 1.0.1;
				OTHER_LDFLAGS = "-ObjC";
				PRODUCT_BUNDLE_IDENTIFIER = com.zizicici.pin;
				PRODUCT_NAME = "$(TARGET_NAME)";
				STRING_CATALOG_GENERATE_SYMBOLS = YES;
				SUPPORTED_PLATFORMS = "iphoneos iphonesimulator";
				SUPPORTS_MACCATALYST = NO;
				SUPPORTS_MAC_DESIGNED_FOR_IPHONE_IPAD = NO;
				SUPPORTS_XR_DESIGNED_FOR_IPHONE_IPAD = NO;
				SWIFT_DEFAULT_ACTOR_ISOLATION = nonisolated;
				SWIFT_EMIT_LOC_STRINGS = YES;
				SWIFT_VERSION = 5.0;
				TARGETED_DEVICE_FAMILY = "1,2";
			};
			name = Debug;
		};
		1481AACC2E9D4CFD00E359C9 /* Release */ = {
			isa = XCBuildConfiguration;
			buildSettings = {
				ALWAYS_EMBED_SWIFT_STANDARD_LIBRARIES = YES;
				ASSETCATALOG_COMPILER_APPICON_NAME = AppIcon;
				ASSETCATALOG_COMPILER_GLOBAL_ACCENT_COLOR_NAME = AccentColor;
				CODE_SIGN_ENTITLEMENTS = "Pin It/Pin It.entitlements";
				CODE_SIGN_STYLE = Automatic;
				CURRENT_PROJECT_VERSION = 1;
				DEVELOPMENT_TEAM = KKQQQNKMM6;
				GENERATE_INFOPLIST_FILE = YES;
				INFOPLIST_FILE = "Pin It/Info.plist";
				INFOPLIST_KEY_ITSAppUsesNonExemptEncryption = NO;
				INFOPLIST_KEY_LSApplicationCategoryType = "public.app-category.productivity";
				INFOPLIST_KEY_NSSupportsLiveActivities = YES;
				INFOPLIST_KEY_UIApplicationSupportsIndirectInputEvents = YES;
				INFOPLIST_KEY_UILaunchStoryboardName = LaunchScreen;
				INFOPLIST_KEY_UISupportedInterfaceOrientations = UIInterfaceOrientationPortrait;
				INFOPLIST_KEY_UISupportedInterfaceOrientations_iPad = "UIInterfaceOrientationLandscapeLeft UIInterfaceOrientationLandscapeRight UIInterfaceOrientationPortrait UIInterfaceOrientationPortraitUpsideDown";
				IPHONEOS_DEPLOYMENT_TARGET = 17.0;
				LD_RUNPATH_SEARCH_PATHS = (
					"$(inherited)",
					"@executable_path/Frameworks",
				);
				MARKETING_VERSION = 1.0.1;
				OTHER_LDFLAGS = "-ObjC";
				PRODUCT_BUNDLE_IDENTIFIER = com.zizicici.pin;
				PRODUCT_NAME = "$(TARGET_NAME)";
				STRING_CATALOG_GENERATE_SYMBOLS = YES;
				SUPPORTED_PLATFORMS = "iphoneos iphonesimulator";
				SUPPORTS_MACCATALYST = NO;
				SUPPORTS_MAC_DESIGNED_FOR_IPHONE_IPAD = NO;
				SUPPORTS_XR_DESIGNED_FOR_IPHONE_IPAD = NO;
				SWIFT_DEFAULT_ACTOR_ISOLATION = nonisolated;
				SWIFT_EMIT_LOC_STRINGS = YES;
				SWIFT_VERSION = 5.0;
				TARGETED_DEVICE_FAMILY = "1,2";
			};
			name = Release;
		};
		1481AACD2E9D4CFD00E359C9 /* Debug */ = {
			isa = XCBuildConfiguration;
			buildSettings = {
				ALWAYS_SEARCH_USER_PATHS = NO;
				ASSETCATALOG_COMPILER_GENERATE_SWIFT_ASSET_SYMBOL_EXTENSIONS = YES;
				CLANG_ANALYZER_LOCALIZABILITY_NONLOCALIZED = YES;
				CLANG_ANALYZER_NONNULL = YES;
				CLANG_ANALYZER_NUMBER_OBJECT_CONVERSION = YES_AGGRESSIVE;
				CLANG_CXX_LANGUAGE_STANDARD = "gnu++20";
				CLANG_ENABLE_MODULES = YES;
				CLANG_ENABLE_OBJC_ARC = YES;
				CLANG_ENABLE_OBJC_WEAK = YES;
				CLANG_WARN_BLOCK_CAPTURE_AUTORELEASING = YES;
				CLANG_WARN_BOOL_CONVERSION = YES;
				CLANG_WARN_COMMA = YES;
				CLANG_WARN_CONSTANT_CONVERSION = YES;
				CLANG_WARN_DEPRECATED_OBJC_IMPLEMENTATIONS = YES;
				CLANG_WARN_DIRECT_OBJC_ISA_USAGE = YES_ERROR;
				CLANG_WARN_DOCUMENTATION_COMMENTS = YES;
				CLANG_WARN_EMPTY_BODY = YES;
				CLANG_WARN_ENUM_CONVERSION = YES;
				CLANG_WARN_INFINITE_RECURSION = YES;
				CLANG_WARN_INT_CONVERSION = YES;
				CLANG_WARN_NON_LITERAL_NULL_CONVERSION = YES;
				CLANG_WARN_OBJC_IMPLICIT_RETAIN_SELF = YES;
				CLANG_WARN_OBJC_LITERAL_CONVERSION = YES;
				CLANG_WARN_OBJC_ROOT_CLASS = YES_ERROR;
				CLANG_WARN_QUOTED_INCLUDE_IN_FRAMEWORK_HEADER = YES;
				CLANG_WARN_RANGE_LOOP_ANALYSIS = YES;
				CLANG_WARN_STRICT_PROTOTYPES = YES;
				CLANG_WARN_SUSPICIOUS_MOVE = YES;
				CLANG_WARN_UNGUARDED_AVAILABILITY = YES_AGGRESSIVE;
				CLANG_WARN_UNREACHABLE_CODE = YES;
				CLANG_WARN__DUPLICATE_METHOD_MATCH = YES;
				COPY_PHASE_STRIP = NO;
				DEBUG_INFORMATION_FORMAT = dwarf;
				DEVELOPMENT_TEAM = KKQQQNKMM6;
				ENABLE_STRICT_OBJC_MSGSEND = YES;
				ENABLE_TESTABILITY = YES;
				ENABLE_USER_SCRIPT_SANDBOXING = YES;
				GCC_C_LANGUAGE_STANDARD = gnu17;
				GCC_DYNAMIC_NO_PIC = NO;
				GCC_NO_COMMON_BLOCKS = YES;
				GCC_OPTIMIZATION_LEVEL = 0;
				GCC_PREPROCESSOR_DEFINITIONS = (
					"DEBUG=1",
					"$(inherited)",
				);
				GCC_WARN_64_TO_32_BIT_CONVERSION = YES;
				GCC_WARN_ABOUT_RETURN_TYPE = YES_ERROR;
				GCC_WARN_UNDECLARED_SELECTOR = YES;
				GCC_WARN_UNINITIALIZED_AUTOS = YES_AGGRESSIVE;
				GCC_WARN_UNUSED_FUNCTION = YES;
				GCC_WARN_UNUSED_VARIABLE = YES;
				IPHONEOS_DEPLOYMENT_TARGET = 17.6;
				LOCALIZATION_PREFERS_STRING_CATALOGS = YES;
				MTL_ENABLE_DEBUG_INFO = INCLUDE_SOURCE;
				MTL_FAST_MATH = YES;
				ONLY_ACTIVE_ARCH = YES;
				SDKROOT = iphoneos;
				SWIFT_ACTIVE_COMPILATION_CONDITIONS = "DEBUG $(inherited)";
				SWIFT_EMIT_LOC_STRINGS = YES;
				SWIFT_OPTIMIZATION_LEVEL = "-Onone";
			};
			name = Debug;
		};
		1481AACE2E9D4CFD00E359C9 /* Release */ = {
			isa = XCBuildConfiguration;
			buildSettings = {
				ALWAYS_SEARCH_USER_PATHS = NO;
				ASSETCATALOG_COMPILER_GENERATE_SWIFT_ASSET_SYMBOL_EXTENSIONS = YES;
				CLANG_ANALYZER_LOCALIZABILITY_NONLOCALIZED = YES;
				CLANG_ANALYZER_NONNULL = YES;
				CLANG_ANALYZER_NUMBER_OBJECT_CONVERSION = YES_AGGRESSIVE;
				CLANG_CXX_LANGUAGE_STANDARD = "gnu++20";
				CLANG_ENABLE_MODULES = YES;
				CLANG_ENABLE_OBJC_ARC = YES;
				CLANG_ENABLE_OBJC_WEAK = YES;
				CLANG_WARN_BLOCK_CAPTURE_AUTORELEASING = YES;
				CLANG_WARN_BOOL_CONVERSION = YES;
				CLANG_WARN_COMMA = YES;
				CLANG_WARN_CONSTANT_CONVERSION = YES;
				CLANG_WARN_DEPRECATED_OBJC_IMPLEMENTATIONS = YES;
				CLANG_WARN_DIRECT_OBJC_ISA_USAGE = YES_ERROR;
				CLANG_WARN_DOCUMENTATION_COMMENTS = YES;
				CLANG_WARN_EMPTY_BODY = YES;
				CLANG_WARN_ENUM_CONVERSION = YES;
				CLANG_WARN_INFINITE_RECURSION = YES;
				CLANG_WARN_INT_CONVERSION = YES;
				CLANG_WARN_NON_LITERAL_NULL_CONVERSION = YES;
				CLANG_WARN_OBJC_IMPLICIT_RETAIN_SELF = YES;
				CLANG_WARN_OBJC_LITERAL_CONVERSION = YES;
				CLANG_WARN_OBJC_ROOT_CLASS = YES_ERROR;
				CLANG_WARN_QUOTED_INCLUDE_IN_FRAMEWORK_HEADER = YES;
				CLANG_WARN_RANGE_LOOP_ANALYSIS = YES;
				CLANG_WARN_STRICT_PROTOTYPES = YES;
				CLANG_WARN_SUSPICIOUS_MOVE = YES;
				CLANG_WARN_UNGUARDED_AVAILABILITY = YES_AGGRESSIVE;
				CLANG_WARN_UNREACHABLE_CODE = YES;
				CLANG_WARN__DUPLICATE_METHOD_MATCH = YES;
				COPY_PHASE_STRIP = NO;
				DEBUG_INFORMATION_FORMAT = "dwarf-with-dsym";
				DEVELOPMENT_TEAM = KKQQQNKMM6;
				ENABLE_NS_ASSERTIONS = NO;
				ENABLE_STRICT_OBJC_MSGSEND = YES;
				ENABLE_USER_SCRIPT_SANDBOXING = YES;
				GCC_C_LANGUAGE_STANDARD = gnu17;
				GCC_NO_COMMON_BLOCKS = YES;
				GCC_WARN_64_TO_32_BIT_CONVERSION = YES;
				GCC_WARN_ABOUT_RETURN_TYPE = YES_ERROR;
				GCC_WARN_UNDECLARED_SELECTOR = YES;
				GCC_WARN_UNINITIALIZED_AUTOS = YES_AGGRESSIVE;
				GCC_WARN_UNUSED_FUNCTION = YES;
				GCC_WARN_UNUSED_VARIABLE = YES;
				IPHONEOS_DEPLOYMENT_TARGET = 17.6;
				LOCALIZATION_PREFERS_STRING_CATALOGS = YES;
				MTL_ENABLE_DEBUG_INFO = NO;
				MTL_FAST_MATH = YES;
				SDKROOT = iphoneos;
				SWIFT_COMPILATION_MODE = wholemodule;
				SWIFT_EMIT_LOC_STRINGS = YES;
				VALIDATE_PRODUCT = YES;
			};
			name = Release;
		};
		1481AAFB2E9D543400E359C9 /* Debug */ = {
			isa = XCBuildConfiguration;
			buildSettings = {
				CODE_SIGN_ENTITLEMENTS = Box/Box.entitlements;
				CODE_SIGN_STYLE = Automatic;
				CURRENT_PROJECT_VERSION = 1;
				DEVELOPMENT_TEAM = KKQQQNKMM6;
				GENERATE_INFOPLIST_FILE = YES;
				INFOPLIST_FILE = Box/Info.plist;
				INFOPLIST_KEY_CFBundleDisplayName = Box;
				INFOPLIST_KEY_NSHumanReadableCopyright = "";
				INFOPLIST_KEY_NSPhotoLibraryAddUsageDescription = "Allow access to photo library to save photos to your photo library directly when using Pin It";
				IPHONEOS_DEPLOYMENT_TARGET = 17.0;
				LD_RUNPATH_SEARCH_PATHS = (
					"$(inherited)",
					"@executable_path/Frameworks",
					"@executable_path/../../Frameworks",
				);
				MARKETING_VERSION = 1.0.1;
				PRODUCT_BUNDLE_IDENTIFIER = com.zizicici.pin.Box;
				PRODUCT_NAME = "$(TARGET_NAME)";
				SKIP_INSTALL = YES;
				STRING_CATALOG_GENERATE_SYMBOLS = YES;
				SUPPORTED_PLATFORMS = "iphoneos iphonesimulator";
				SUPPORTS_MACCATALYST = NO;
				SUPPORTS_MAC_DESIGNED_FOR_IPHONE_IPAD = NO;
				SUPPORTS_XR_DESIGNED_FOR_IPHONE_IPAD = NO;
				SWIFT_APPROACHABLE_CONCURRENCY = YES;
				SWIFT_EMIT_LOC_STRINGS = YES;
				SWIFT_UPCOMING_FEATURE_MEMBER_IMPORT_VISIBILITY = YES;
				SWIFT_VERSION = 5.0;
				TARGETED_DEVICE_FAMILY = "1,2";
			};
			name = Debug;
		};
		1481AAFC2E9D543400E359C9 /* Release */ = {
			isa = XCBuildConfiguration;
			buildSettings = {
				CODE_SIGN_ENTITLEMENTS = Box/Box.entitlements;
				CODE_SIGN_STYLE = Automatic;
				CURRENT_PROJECT_VERSION = 1;
				DEVELOPMENT_TEAM = KKQQQNKMM6;
				GENERATE_INFOPLIST_FILE = YES;
				INFOPLIST_FILE = Box/Info.plist;
				INFOPLIST_KEY_CFBundleDisplayName = Box;
				INFOPLIST_KEY_NSHumanReadableCopyright = "";
				INFOPLIST_KEY_NSPhotoLibraryAddUsageDescription = "Allow access to photo library to save photos to your photo library directly when using Pin It";
				IPHONEOS_DEPLOYMENT_TARGET = 17.0;
				LD_RUNPATH_SEARCH_PATHS = (
					"$(inherited)",
					"@executable_path/Frameworks",
					"@executable_path/../../Frameworks",
				);
				MARKETING_VERSION = 1.0.1;
				PRODUCT_BUNDLE_IDENTIFIER = com.zizicici.pin.Box;
				PRODUCT_NAME = "$(TARGET_NAME)";
				SKIP_INSTALL = YES;
				STRING_CATALOG_GENERATE_SYMBOLS = YES;
				SUPPORTED_PLATFORMS = "iphoneos iphonesimulator";
				SUPPORTS_MACCATALYST = NO;
				SUPPORTS_MAC_DESIGNED_FOR_IPHONE_IPAD = NO;
				SUPPORTS_XR_DESIGNED_FOR_IPHONE_IPAD = NO;
				SWIFT_APPROACHABLE_CONCURRENCY = YES;
				SWIFT_EMIT_LOC_STRINGS = YES;
				SWIFT_UPCOMING_FEATURE_MEMBER_IMPORT_VISIBILITY = YES;
				SWIFT_VERSION = 5.0;
				TARGETED_DEVICE_FAMILY = "1,2";
			};
			name = Release;
		};
		1481AB192E9D547800E359C9 /* Debug */ = {
			isa = XCBuildConfiguration;
			buildSettings = {
				ASSETCATALOG_COMPILER_GLOBAL_ACCENT_COLOR_NAME = AccentColor;
				ASSETCATALOG_COMPILER_WIDGET_BACKGROUND_COLOR_NAME = WidgetBackground;
				CODE_SIGN_ENTITLEMENTS = Board/Board.entitlements;
				CODE_SIGN_STYLE = Automatic;
				CURRENT_PROJECT_VERSION = 1;
				DEVELOPMENT_TEAM = KKQQQNKMM6;
				GENERATE_INFOPLIST_FILE = YES;
				INFOPLIST_FILE = Board/Info.plist;
				INFOPLIST_KEY_CFBundleDisplayName = Board;
				INFOPLIST_KEY_NSHumanReadableCopyright = "";
				IPHONEOS_DEPLOYMENT_TARGET = 17.0;
				LD_RUNPATH_SEARCH_PATHS = (
					"$(inherited)",
					"@executable_path/Frameworks",
					"@executable_path/../../Frameworks",
				);
				MARKETING_VERSION = 1.0.1;
				PRODUCT_BUNDLE_IDENTIFIER = com.zizicici.pin.Board;
				PRODUCT_NAME = "$(TARGET_NAME)";
				SKIP_INSTALL = YES;
				STRING_CATALOG_GENERATE_SYMBOLS = YES;
				SUPPORTED_PLATFORMS = "iphoneos iphonesimulator";
				SUPPORTS_MACCATALYST = NO;
				SUPPORTS_MAC_DESIGNED_FOR_IPHONE_IPAD = NO;
				SUPPORTS_XR_DESIGNED_FOR_IPHONE_IPAD = NO;
				SWIFT_EMIT_LOC_STRINGS = YES;
				SWIFT_UPCOMING_FEATURE_MEMBER_IMPORT_VISIBILITY = YES;
				SWIFT_VERSION = 5.0;
				TARGETED_DEVICE_FAMILY = "1,2";
			};
			name = Debug;
		};
		1481AB1A2E9D547800E359C9 /* Release */ = {
			isa = XCBuildConfiguration;
			buildSettings = {
				ASSETCATALOG_COMPILER_GLOBAL_ACCENT_COLOR_NAME = AccentColor;
				ASSETCATALOG_COMPILER_WIDGET_BACKGROUND_COLOR_NAME = WidgetBackground;
				CODE_SIGN_ENTITLEMENTS = Board/Board.entitlements;
				CODE_SIGN_STYLE = Automatic;
				CURRENT_PROJECT_VERSION = 1;
				DEVELOPMENT_TEAM = KKQQQNKMM6;
				GENERATE_INFOPLIST_FILE = YES;
				INFOPLIST_FILE = Board/Info.plist;
				INFOPLIST_KEY_CFBundleDisplayName = Board;
				INFOPLIST_KEY_NSHumanReadableCopyright = "";
				IPHONEOS_DEPLOYMENT_TARGET = 17.0;
				LD_RUNPATH_SEARCH_PATHS = (
					"$(inherited)",
					"@executable_path/Frameworks",
					"@executable_path/../../Frameworks",
				);
				MARKETING_VERSION = 1.0.1;
				PRODUCT_BUNDLE_IDENTIFIER = com.zizicici.pin.Board;
				PRODUCT_NAME = "$(TARGET_NAME)";
				SKIP_INSTALL = YES;
				STRING_CATALOG_GENERATE_SYMBOLS = YES;
				SUPPORTED_PLATFORMS = "iphoneos iphonesimulator";
				SUPPORTS_MACCATALYST = NO;
				SUPPORTS_MAC_DESIGNED_FOR_IPHONE_IPAD = NO;
				SUPPORTS_XR_DESIGNED_FOR_IPHONE_IPAD = NO;
				SWIFT_EMIT_LOC_STRINGS = YES;
				SWIFT_UPCOMING_FEATURE_MEMBER_IMPORT_VISIBILITY = YES;
				SWIFT_VERSION = 5.0;
				TARGETED_DEVICE_FAMILY = "1,2";
			};
			name = Release;
		};
/* End XCBuildConfiguration section */

/* Begin XCConfigurationList section */
		1481AAB22E9D4CFD00E359C9 /* Build configuration list for PBXProject "Pin It" */ = {
			isa = XCConfigurationList;
			buildConfigurations = (
				1481AACD2E9D4CFD00E359C9 /* Debug */,
				1481AACE2E9D4CFD00E359C9 /* Release */,
			);
			defaultConfigurationIsVisible = 0;
			defaultConfigurationName = Release;
		};
		1481AACA2E9D4CFD00E359C9 /* Build configuration list for PBXNativeTarget "Pin It" */ = {
			isa = XCConfigurationList;
			buildConfigurations = (
				1481AACB2E9D4CFD00E359C9 /* Debug */,
				1481AACC2E9D4CFD00E359C9 /* Release */,
			);
			defaultConfigurationIsVisible = 0;
			defaultConfigurationName = Release;
		};
		1481AAFA2E9D543400E359C9 /* Build configuration list for PBXNativeTarget "Box" */ = {
			isa = XCConfigurationList;
			buildConfigurations = (
				1481AAFB2E9D543400E359C9 /* Debug */,
				1481AAFC2E9D543400E359C9 /* Release */,
			);
			defaultConfigurationIsVisible = 0;
			defaultConfigurationName = Release;
		};
		1481AB182E9D547800E359C9 /* Build configuration list for PBXNativeTarget "Board" */ = {
			isa = XCConfigurationList;
			buildConfigurations = (
				1481AB192E9D547800E359C9 /* Debug */,
				1481AB1A2E9D547800E359C9 /* Release */,
			);
			defaultConfigurationIsVisible = 0;
			defaultConfigurationName = Release;
		};
/* End XCConfigurationList section */

/* Begin XCRemoteSwiftPackageReference section */
		14558D052E9E8CE1007A67E2 /* XCRemoteSwiftPackageReference "SnapKit" */ = {
			isa = XCRemoteSwiftPackageReference;
			repositoryURL = "https://github.com/SnapKit/SnapKit";
			requirement = {
				kind = upToNextMajorVersion;
				minimumVersion = 5.7.1;
			};
		};
		1461E6A92EB5EC9900E47262 /* XCRemoteSwiftPackageReference "firebase-ios-sdk" */ = {
			isa = XCRemoteSwiftPackageReference;
			repositoryURL = "https://github.com/firebase/firebase-ios-sdk.git";
			requirement = {
				kind = upToNextMajorVersion;
				minimumVersion = 12.5.0;
			};
		};
		1477252C2E9F4E8A001A3EBD /* XCRemoteSwiftPackageReference "TOCropViewController" */ = {
			isa = XCRemoteSwiftPackageReference;
			repositoryURL = "https://github.com/TimOliver/TOCropViewController.git";
			requirement = {
				kind = upToNextMajorVersion;
				minimumVersion = 3.0.0;
			};
		};
		147EC1902EBF7DC000ECAB46 /* XCRemoteSwiftPackageReference "Kingfisher" */ = {
			isa = XCRemoteSwiftPackageReference;
			repositoryURL = "https://github.com/onevcat/Kingfisher";
			requirement = {
				kind = upToNextMajorVersion;
				minimumVersion = 8.6.1;
			};
		};
		147F4C3C2EAE7DAC00F8DD7E /* XCRemoteSwiftPackageReference "AppInfo" */ = {
			isa = XCRemoteSwiftPackageReference;
			repositoryURL = "https://github.com/zizicici/AppInfo";
			requirement = {
				kind = upToNextMajorVersion;
				minimumVersion = 1.2.0;
			};
		};
		14AA37262EA0907300685425 /* XCRemoteSwiftPackageReference "GRDB" */ = {
			isa = XCRemoteSwiftPackageReference;
			repositoryURL = "https://github.com/groue/GRDB.swift";
			requirement = {
				kind = exactVersion;
				version = 7.6.1;
			};
		};
/* End XCRemoteSwiftPackageReference section */

/* Begin XCSwiftPackageProductDependency section */
		14558D062E9E8CE1007A67E2 /* SnapKit */ = {
			isa = XCSwiftPackageProductDependency;
			package = 14558D052E9E8CE1007A67E2 /* XCRemoteSwiftPackageReference "SnapKit" */;
			productName = SnapKit;
		};
		1461E6AA2EB5EC9900E47262 /* FirebaseAnalytics */ = {
			isa = XCSwiftPackageProductDependency;
			package = 1461E6A92EB5EC9900E47262 /* XCRemoteSwiftPackageReference "firebase-ios-sdk" */;
			productName = FirebaseAnalytics;
		};
		1461E6AC2EB5EC9900E47262 /* FirebaseCrashlytics */ = {
			isa = XCSwiftPackageProductDependency;
			package = 1461E6A92EB5EC9900E47262 /* XCRemoteSwiftPackageReference "firebase-ios-sdk" */;
			productName = FirebaseCrashlytics;
		};
		147EC1912EBF7DC000ECAB46 /* Kingfisher */ = {
			isa = XCSwiftPackageProductDependency;
			package = 147EC1902EBF7DC000ECAB46 /* XCRemoteSwiftPackageReference "Kingfisher" */;
			productName = Kingfisher;
		};
		147F4C3D2EAE7DAC00F8DD7E /* AppInfo */ = {
			isa = XCSwiftPackageProductDependency;
			package = 147F4C3C2EAE7DAC00F8DD7E /* XCRemoteSwiftPackageReference "AppInfo" */;
			productName = AppInfo;
		};
		14A187442EB20CC8008E6492 /* CropViewController */ = {
			isa = XCSwiftPackageProductDependency;
			package = 1477252C2E9F4E8A001A3EBD /* XCRemoteSwiftPackageReference "TOCropViewController" */;
			productName = CropViewController;
		};
		14AA37272EA0907300685425 /* GRDB */ = {
			isa = XCSwiftPackageProductDependency;
			package = 14AA37262EA0907300685425 /* XCRemoteSwiftPackageReference "GRDB" */;
			productName = GRDB;
		};
/* End XCSwiftPackageProductDependency section */
	};
	rootObject = 1481AAAF2E9D4CFD00E359C9 /* Project object */;
}
