{
  "originHash" : "b950c4dbb0850e020767549d1f8aee57813cbcca80165ee84f904dc53d4ae2b1",
  "pins" : [
    {
      "identity" : "abseil-cpp-binary",
      "kind" : "remoteSourceControl",
      "location" : "https://github.com/google/abseil-cpp-binary.git",
      "state" : {
        "revision" : "bbe8b69694d7873315fd3a4ad41efe043e1c07c5",
        "version" : "1.2024072200.0"
      }
    },
    {
      "identity" : "app-check",
      "kind" : "remoteSourceControl",
      "location" : "https://github.com/google/app-check.git",
      "state" : {
        "revision" : "61b85103a1aeed8218f17c794687781505fbbef5",
        "version" : "11.2.0"
      }
    },
    {
      "identity" : "firebase-ios-sdk",
      "kind" : "remoteSourceControl",
      "location" : "https://github.com/firebase/firebase-ios-sdk.git",
      "state" : {
        "revision" : "674d9a7ee9858207181a3dd0b42c77298c6fb71b",
        "version" : "12.8.0"
      }
    },
    {
      "identity" : "google-ads-on-device-conversion-ios-sdk",
      "kind" : "remoteSourceControl",
      "location" : "https://github.com/googleads/google-ads-on-device-conversion-ios-sdk",
      "state" : {
        "revision" : "35b601a60fbbea2de3ea461f604deaaa4d8bbd0c",
        "version" : "3.2.0"
      }
    },
    {
      "identity" : "googleappmeasurement",
      "kind" : "remoteSourceControl",
      "location" : "https://github.com/google/GoogleAppMeasurement.git",
      "state" : {
        "revision" : "2ffd220823f3716904733162e9ae685545c276d1",
        "version" : "12.8.0"
      }
    },
    {
      "identity" : "googledatatransport",
      "kind" : "remoteSourceControl",
      "location" : "https://github.com/google/GoogleDataTransport.git",
      "state" : {
        "revision" : "617af071af9aa1d6a091d59a202910ac482128f9",
        "version" : "10.1.0"
      }
    },
    {
      "identity" : "googleutilities",
      "kind" : "remoteSourceControl",
      "location" : "https://github.com/google/GoogleUtilities.git",
      "state" : {
        "revision" : "60da361632d0de02786f709bdc0c4df340f7613e",
        "version" : "8.1.0"
      }
    },
    {
      "identity" : "grdb.swift",
      "kind" : "remoteSourceControl",
      "location" : "https://github.com/groue/GRDB.swift",
      "state" : {
        "revision" : "8ba1bc9a96afc731a000fd4136dd13a5a46297bd",
        "version" : "7.6.1"
      }
    },
    {
      "identity" : "grpc-binary",
      "kind" : "remoteSourceControl",
      "location" : "https://github.com/google/grpc-binary.git",
      "state" : {
        "revision" : "75b31c842f664a0f46a2e590a570e370249fd8f6",
        "version" : "1.69.1"
      }
    },
    {
      "identity" : "gtm-session-fetcher",
      "kind" : "remoteSourceControl",
      "location" : "https://github.com/google/gtm-session-fetcher.git",
      "state" : {
        "revision" : "fb7f2740b1570d2f7599c6bb9531bf4fad6974b7",
        "version" : "5.0.0"
      }
    },
    {
      "identity" : "interop-ios-for-google-sdks",
      "kind" : "remoteSourceControl",
      "location" : "https://github.com/google/interop-ios-for-google-sdks.git",
      "state" : {
        "revision" : "040d087ac2267d2ddd4cca36c757d1c6a05fdbfe",
        "version" : "101.0.0"
      }
    },
    {
      "identity" : "kingfisher",
      "kind" : "remoteSourceControl",
      "location" : "https://github.com/onevcat/Kingfisher",
      "state" : {
        "revision" : "d30a5fad881137e2267f96a8e3fc35c58999bb94",
        "version" : "8.6.2"
      }
    },
    {
      "identity" : "leveldb",
      "kind" : "remoteSourceControl",
      "location" : "https://github.com/firebase/leveldb.git",
      "state" : {
        "revision" : "a0bc79961d7be727d258d33d5a6b2f1023270ba1",
        "version" : "1.22.5"
      }
    },
    {
      "identity" : "morekit",
      "kind" : "remoteSourceControl",
      "location" : "https://github.com/zizicici/MoreKit",
      "state" : {
        "revision" : "ce42e8d2b448a9cea055ea8b19e14b0762ed5b03",
        "version" : "1.8.1"
      }
    },
    {
      "identity" : "nanopb",
      "kind" : "remoteSourceControl",
      "location" : "https://github.com/firebase/nanopb.git",
      "state" : {
        "revision" : "b7e1104502eca3a213b46303391ca4d3bc8ddec1",
        "version" : "2.30910.0"
      }
    },
    {
      "identity" : "photobrowser",
      "kind" : "remoteSourceControl",
      "location" : "https://github.com/JiongXing/PhotoBrowser",
      "state" : {
        "revision" : "55c16471d56aec3b1a3c1624828036c880d3e3fd",
        "version" : "3.1.6"
      }
    },
    {
      "identity" : "promises",
      "kind" : "remoteSourceControl",
      "location" : "https://github.com/google/promises.git",
      "state" : {
        "revision" : "540318ecedd63d883069ae7f1ed811a2df00b6ac",
        "version" : "2.4.0"
      }
    },
    {
      "identity" : "snapkit",
      "kind" : "remoteSourceControl",
      "location" : "https://github.com/SnapKit/SnapKit",
      "state" : {
        "revision" : "2842e6e84e82eb9a8dac0100ca90d9444b0307f4",
        "version" : "5.7.1"
      }
    },
    {
      "identity" : "symbolpicker",
      "kind" : "remoteSourceControl",
      "location" : "https://github.com/xnth97/SymbolPicker",
      "state" : {
        "revision" : "8bb08c982235b8e601bc500a41e770d7e198759b",
        "version" : "1.6.2"
      }
    },
    {
      "identity" : "tocropviewcontroller",
      "kind" : "remoteSourceControl",
      "location" : "https://github.com/TimOliver/TOCropViewController.git",
      "state" : {
        "revision" : "b73eb2d665a5ba8ea10cdf2682a0f7f0bbb550bb",
        "version" : "3.1.1"
      }
    },
    {
      "identity" : "zccalendar",
      "kind" : "remoteSourceControl",
      "location" : "https://github.com/zizicici/ZCCalendar",
      "state" : {
        "revision" : "baee2f449501dc48317156c8c1ce2c6cac85b598",
        "version" : "0.1.4"
      }
    }
  ],
  "version" : 3
}
